
Microsoft Visual Studio Solution File, Format Version 12.00
# Visual Studio Version 17
VisualStudioVersion = 17.0.31710.8
MinimumVisualStudioVersion = 10.0.40219.1
Project("{FAE04EC0-301F-11D3-BF4B-00C04F79EFBC}") = "PalleOpgaverOOP", "PalleOpgaverOOP.csproj", "{BEC29638-33F1-43E8-BE6B-C8F7B1E47A6C}"
EndProject
Global
	GlobalSection(SolutionConfigurationPlatforms) = preSolution
		Debug|Any CPU = Debug|Any CPU
		Release|Any CPU = Release|Any CPU
	EndGlobalSection
	GlobalSection(ProjectConfigurationPlatforms) = postSolution
		{BEC29638-33F1-43E8-BE6B-C8F7B1E47A6C}.Debug|Any CPU.ActiveCfg = Debug|Any CPU
		{BEC29638-33F1-43E8-BE6B-C8F7B1E47A6C}.Debug|Any CPU.Build.0 = Debug|Any CPU
		{BEC29638-33F1-43E8-BE6B-C8F7B1E47A6C}.Release|Any CPU.ActiveCfg = Release|Any CPU
		{BEC29638-33F1-43E8-BE6B-C8F7B1E47A6C}.Release|Any CPU.Build.0 = Release|Any CPU
	EndGlobalSection
	GlobalSection(SolutionProperties) = preSolution
		HideSolutionNode = FALSE
	EndGlobalSection
	GlobalSection(ExtensibilityGlobals) = postSolution
		SolutionGuid = {E4134BAB-B20A-42E5-9B67-254D3BAD68E3}
	EndGlobalSection
EndGlobal
